<?xml version="1.0" encoding="utf-8"?>
<Project ToolsVersion="4.0" xmlns="http://schemas.microsoft.com/developer/msbuild/2003">
  <ItemGroup>
    <Filter Include="Graphics">
      <UniqueIdentifier>{93995380-89BD-4b04-88EB-625FBE52EBFB}</UniqueIdentifier>
      <Extensions>h;hh;hpp;hxx;hm;inl;inc;xsd</Extensions>
    </Filter>
    <Filter Include="Input">
      <UniqueIdentifier>{67DA6AB6-F800-4c08-8B7A-83BB121AAD01}</UniqueIdentifier>
      <Extensions>rc;ico;cur;bmp;dlg;rc2;rct;bin;rgs;gif;jpg;jpeg;jpe;resx;tiff;tif;png;wav;mfcribbon-ms</Extensions>
    </Filter>
    <Filter Include="World">
      <UniqueIdentifier>{4FC737F1-C7A5-4376-A066-2A32D752A2FF}</UniqueIdentifier>
      <Extensions>cpp;c;cc;cxx;def;odl;idl;hpj;bat;asm;asmx</Extensions>
    </Filter>
    <Filter Include="System">
      <UniqueIdentifier>{c3c7a18f-43a4-41bf-8caf-32291af4a283}</UniqueIdentifier>
    </Filter>
    <Filter Include="SceneManager">
      <UniqueIdentifier>{f78f1e43-ae73-47b1-b05d-e1cea095ef60}</UniqueIdentifier>
    </Filter>
    <Filter Include="World\Entities">
      <UniqueIdentifier>{98f4eaaf-b68a-473d-ab5b-f5c84d788eab}</UniqueIdentifier>
    </Filter>
    <Filter Include="World\Components">
      <UniqueIdentifier>{9fa75265-7475-41a4-b26c-797d72e898aa}</UniqueIdentifier>
    </Filter>
    <Filter Include="Tools">
      <UniqueIdentifier>{9889e6ee-d5cb-4368-9e11-02b634d9e7ef}</UniqueIdentifier>
    </Filter>
    <Filter Include="World\FSM">
      <UniqueIdentifier>{afa14f09-f1ed-4148-adcc-917d631ebed2}</UniqueIdentifier>
    </Filter>
    <Filter Include="World\Entities\Camera">
      <UniqueIdentifier>{60b394cc-5790-4e2f-962d-668977bd2272}</UniqueIdentifier>
    </Filter>
    <Filter Include="World\Entities\Skybox">
      <UniqueIdentifier>{9585763d-d430-479d-a1d2-fbff416c8c0d}</UniqueIdentifier>
    </Filter>
    <Filter Include="Graphics\Asset">
      <UniqueIdentifier>{aa275b59-a8a2-4481-ba1c-1cc17de5d9eb}</UniqueIdentifier>
    </Filter>
    <Filter Include="Graphics\Asset\Font">
      <UniqueIdentifier>{806d8ede-57d2-471a-bc72-d016d68e0a2e}</UniqueIdentifier>
    </Filter>
    <Filter Include="Graphics\Asset\Texture">
      <UniqueIdentifier>{6fb41325-0a26-43b1-adcd-ec19e30c5dbe}</UniqueIdentifier>
    </Filter>
    <Filter Include="Graphics\GfxEntities">
      <UniqueIdentifier>{4330beef-a19c-4a66-ab50-5dffff5756bc}</UniqueIdentifier>
    </Filter>
    <Filter Include="Helper">
      <UniqueIdentifier>{d1bab34b-785f-458d-99f7-686c681ad496}</UniqueIdentifier>
    </Filter>
    <Filter Include="Helper\Damper">
      <UniqueIdentifier>{101b5dc4-18d0-49c0-b6f3-406ddd5958f3}</UniqueIdentifier>
    </Filter>
  </ItemGroup>
  <ItemGroup>
    <ClCompile Include="..\src\Camera.cpp">
      <Filter>Graphics</Filter>
    </ClCompile>
    <ClCompile Include="..\src\ColorShader.cpp">
      <Filter>Graphics</Filter>
    </ClCompile>
    <ClCompile Include="..\src\D3D.cpp">
      <Filter>Graphics</Filter>
    </ClCompile>
    <ClCompile Include="..\src\EffectProvider.cpp">
      <Filter>Graphics</Filter>
    </ClCompile>
    <ClCompile Include="..\src\Graphics.cpp">
      <Filter>Graphics</Filter>
    </ClCompile>
    <ClCompile Include="..\src\Light.cpp">
      <Filter>Graphics</Filter>
    </ClCompile>
    <ClCompile Include="..\src\LightShader.cpp">
      <Filter>Graphics</Filter>
    </ClCompile>
    <ClCompile Include="..\src\Model.cpp">
      <Filter>Graphics</Filter>
    </ClCompile>
    <ClCompile Include="..\src\Texture.cpp">
      <Filter>Graphics</Filter>
    </ClCompile>
    <ClCompile Include="..\src\TextureShader.cpp">
      <Filter>Graphics</Filter>
    </ClCompile>
    <ClCompile Include="..\src\World.cpp">
      <Filter>World</Filter>
    </ClCompile>
    <ClCompile Include="..\src\Input.cpp">
      <Filter>Input</Filter>
    </ClCompile>
    <ClCompile Include="..\src\System.cpp">
      <Filter>System</Filter>
    </ClCompile>
    <ClCompile Include="..\src\main.cpp" />
    <ClCompile Include="..\src\SceneManager.cpp">
      <Filter>SceneManager</Filter>
    </ClCompile>
    <ClCompile Include="..\src\EntityBox.cpp">
      <Filter>World\Entities</Filter>
    </ClCompile>
    <ClCompile Include="..\src\EntityCollisionPoint.cpp">
      <Filter>World\Entities</Filter>
    </ClCompile>
    <ClCompile Include="..\src\EntityFixedConstraint.cpp">
      <Filter>World\Entities</Filter>
    </ClCompile>
    <ClCompile Include="..\src\EntityPointToPointConstraint.cpp">
      <Filter>World\Entities</Filter>
    </ClCompile>
    <ClCompile Include="..\src\EntitySphere.cpp">
      <Filter>World\Entities</Filter>
    </ClCompile>
    <ClCompile Include="..\src\WorldHUD.cpp">
      <Filter>World\Entities</Filter>
    </ClCompile>
    <ClCompile Include="..\src\ComponentFollowPath.cpp">
      <Filter>World\Components</Filter>
    </ClCompile>
    <ClCompile Include="..\src\ComponentPathInterpolate.cpp">
      <Filter>World\Components</Filter>
    </ClCompile>
    <ClCompile Include="..\src\PathExplorer.cpp">
      <Filter>Tools</Filter>
    </ClCompile>
    <ClCompile Include="..\src\EntityBoxLauncher.cpp">
      <Filter>World\Entities</Filter>
    </ClCompile>
    <ClCompile Include="..\src\EntityComposite.cpp">
      <Filter>World\Entities</Filter>
    </ClCompile>
    <ClCompile Include="..\src\ComponentBackground.cpp">
      <Filter>World\Components</Filter>
    </ClCompile>
    <ClCompile Include="..\src\IState.cpp">
      <Filter>World\FSM</Filter>
    </ClCompile>
    <ClCompile Include="..\src\EntityCamera.cpp">
      <Filter>World\Entities\Camera</Filter>
    </ClCompile>
    <ClCompile Include="..\src\CameraState_FreeCamera.cpp">
      <Filter>World\Entities\Camera</Filter>
    </ClCompile>
    <ClCompile Include="..\src\FSMRunner.cpp">
      <Filter>World\FSM</Filter>
    </ClCompile>
    <ClCompile Include="..\src\CameraState_FollowTarget.cpp">
      <Filter>World\Entities\Camera</Filter>
    </ClCompile>
    <ClCompile Include="..\src\EntitySkybox.cpp">
      <Filter>World\Entities\Skybox</Filter>
    </ClCompile>
    <ClCompile Include="..\src\GfxEntityBox.cpp">
      <Filter>Graphics\GfxEntities</Filter>
    </ClCompile>
    <ClCompile Include="..\src\GfxEntityPlan.cpp">
      <Filter>Graphics\GfxEntities</Filter>
    </ClCompile>
    <ClCompile Include="..\src\GfxEntitySphere.cpp">
      <Filter>Graphics\GfxEntities</Filter>
    </ClCompile>
    <ClCompile Include="..\src\Damper.inl">
      <Filter>Helper\Damper</Filter>
    </ClCompile>
    <ClCompile Include="..\src\VecLinearDamper.cpp">
      <Filter>Helper\Damper</Filter>
    </ClCompile>
    <ClCompile Include="..\src\GfxEntityCylinder.cpp">
      <Filter>Graphics\GfxEntities</Filter>
    </ClCompile>
    <ClCompile Include="..\src\GfxEntityHeightMap.cpp">
      <Filter>Graphics\GfxEntities</Filter>
    </ClCompile>
    <ClCompile Include="..\src\EntityStaticMesh.cpp">
      <Filter>World\Entities</Filter>
    </ClCompile>
  </ItemGroup>
  <ItemGroup>
    <ClInclude Include="..\src\Camera.h">
      <Filter>Graphics</Filter>
    </ClInclude>
    <ClInclude Include="..\src\ColorShader.h">
      <Filter>Graphics</Filter>
    </ClInclude>
    <ClInclude Include="..\src\D3D.h">
      <Filter>Graphics</Filter>
    </ClInclude>
    <ClInclude Include="..\src\EffectProvider.h">
      <Filter>Graphics</Filter>
    </ClInclude>
    <ClInclude Include="..\src\Graphics.h">
      <Filter>Graphics</Filter>
    </ClInclude>
    <ClInclude Include="..\src\Light.h">
      <Filter>Graphics</Filter>
    </ClInclude>
    <ClInclude Include="..\src\LightShader.h">
      <Filter>Graphics</Filter>
    </ClInclude>
    <ClInclude Include="..\src\Model.h">
      <Filter>Graphics</Filter>
    </ClInclude>
    <ClInclude Include="..\src\Texture.h">
      <Filter>Graphics</Filter>
    </ClInclude>
    <ClInclude Include="..\src\TextureShader.h">
      <Filter>Graphics</Filter>
    </ClInclude>
    <ClInclude Include="..\src\IWorldEntity.h">
      <Filter>World</Filter>
    </ClInclude>
    <ClInclude Include="..\src\World.h">
      <Filter>World</Filter>
    </ClInclude>
    <ClInclude Include="..\src\Input.h">
      <Filter>Input</Filter>
    </ClInclude>
    <ClInclude Include="..\src\System.h">
      <Filter>System</Filter>
    </ClInclude>
    <ClInclude Include="..\src\SceneManager.h">
      <Filter>SceneManager</Filter>
    </ClInclude>
    <ClInclude Include="..\src\EntityBox.h">
      <Filter>World\Entities</Filter>
    </ClInclude>
    <ClInclude Include="..\src\EntityCollisionPoint.h">
      <Filter>World\Entities</Filter>
    </ClInclude>
    <ClInclude Include="..\src\EntityFixedConstraint.h">
      <Filter>World\Entities</Filter>
    </ClInclude>
    <ClInclude Include="..\src\EntityPointToPointConstraint.h">
      <Filter>World\Entities</Filter>
    </ClInclude>
    <ClInclude Include="..\src\EntitySphere.h">
      <Filter>World\Entities</Filter>
    </ClInclude>
    <ClInclude Include="..\src\WorldHUD.h">
      <Filter>World\Entities</Filter>
    </ClInclude>
    <ClInclude Include="..\src\IComponent.h">
      <Filter>World</Filter>
    </ClInclude>
    <ClInclude Include="..\src\ComponentFloatingText.h">
      <Filter>World\Components</Filter>
    </ClInclude>
    <ClInclude Include="..\src\ComponentFollowPath.h">
      <Filter>World\Components</Filter>
    </ClInclude>
    <ClInclude Include="..\src\ComponentPathInterpolate.h">
      <Filter>World\Components</Filter>
    </ClInclude>
    <ClInclude Include="..\src\PathExplorer.h">
      <Filter>Tools</Filter>
    </ClInclude>
    <ClInclude Include="..\src\EntityBoxLauncher.h">
      <Filter>World\Entities</Filter>
    </ClInclude>
    <ClInclude Include="..\src\EntityComposite.h">
      <Filter>World\Entities</Filter>
    </ClInclude>
    <ClInclude Include="..\src\ComponentBackground.h">
      <Filter>World\Components</Filter>
    </ClInclude>
    <ClInclude Include="..\src\IState.h">
      <Filter>World\FSM</Filter>
    </ClInclude>
    <ClInclude Include="..\src\EntityCamera.h">
      <Filter>World\Entities\Camera</Filter>
    </ClInclude>
    <ClInclude Include="..\src\CameraState.h">
      <Filter>World\Entities\Camera</Filter>
    </ClInclude>
    <ClInclude Include="..\src\CameraState_FreeCamera.h">
      <Filter>World\Entities\Camera</Filter>
    </ClInclude>
    <ClInclude Include="..\src\FSMRunner.h">
      <Filter>World\FSM</Filter>
    </ClInclude>
    <ClInclude Include="..\src\CameraState_FollowTarget.h">
      <Filter>World\Entities\Camera</Filter>
    </ClInclude>
    <ClInclude Include="..\src\EntitySkybox.h">
      <Filter>World\Entities\Skybox</Filter>
    </ClInclude>
    <ClInclude Include="..\src\GfxEntityBox.h">
      <Filter>Graphics\GfxEntities</Filter>
    </ClInclude>
    <ClInclude Include="..\src\GfxEntityPlan.h">
      <Filter>Graphics\GfxEntities</Filter>
    </ClInclude>
    <ClInclude Include="..\src\GfxEntitySphere.h">
      <Filter>Graphics\GfxEntities</Filter>
    </ClInclude>
    <ClInclude Include="..\src\IGfxEntity.h">
      <Filter>Graphics\GfxEntities</Filter>
    </ClInclude>
    <ClInclude Include="..\src\Damper.h">
      <Filter>Helper\Damper</Filter>
    </ClInclude>
    <ClInclude Include="..\src\VecLinearDamper.h">
      <Filter>Helper\Damper</Filter>
    </ClInclude>
    <ClInclude Include="..\src\GfxEntityCylinder.h">
      <Filter>Graphics\GfxEntities</Filter>
    </ClInclude>
    <ClInclude Include="..\src\GfxEntityHeightMap.h">
      <Filter>Graphics\GfxEntities</Filter>
    </ClInclude>
    <ClInclude Include="..\src\EntityStaticMesh.h">
      <Filter>World\Entities</Filter>
    </ClInclude>
  </ItemGroup>
  <ItemGroup>
    <None Include="..\src\consolas.spritefont">
      <Filter>Graphics\Asset\Font</Filter>
    </None>
  </ItemGroup>
  <ItemGroup>
    <Image Include="..\src\check.png">
      <Filter>Graphics\Asset\Texture</Filter>
    </Image>
  </ItemGroup>
</Project>